PODS:
  - desktop_webview_window (0.0.1):
    - FlutterMacOS
  - device_info_plus (0.0.1):
    - FlutterMacOS
  - flutter_web_auth_2 (3.0.0):
    - FlutterMacOS
  - FlutterMacOS (1.0.0)
  - package_info_plus (0.0.1):
    - FlutterMacOS
  - path_provider_foundation (0.0.1):
    - Flutter
    - FlutterMacOS
  - url_launcher_macos (0.0.1):
    - FlutterMacOS
  - window_to_front (0.0.1):
    - FlutterMacOS

DEPENDENCIES:
  - desktop_webview_window (from `Flutter/ephemeral/.symlinks/plugins/desktop_webview_window/macos`)
  - device_info_plus (from `Flutter/ephemeral/.symlinks/plugins/device_info_plus/macos`)
  - flutter_web_auth_2 (from `Flutter/ephemeral/.symlinks/plugins/flutter_web_auth_2/macos`)
  - FlutterMacOS (from `Flutter/ephemeral`)
  - package_info_plus (from `Flutter/ephemeral/.symlinks/plugins/package_info_plus/macos`)
  - path_provider_foundation (from `Flutter/ephemeral/.symlinks/plugins/path_provider_foundation/darwin`)
  - url_launcher_macos (from `Flutter/ephemeral/.symlinks/plugins/url_launcher_macos/macos`)
  - window_to_front (from `Flutter/ephemeral/.symlinks/plugins/window_to_front/macos`)

EXTERNAL SOURCES:
  desktop_webview_window:
    :path: Flutter/ephemeral/.symlinks/plugins/desktop_webview_window/macos
  device_info_plus:
    :path: Flutter/ephemeral/.symlinks/plugins/device_info_plus/macos
  flutter_web_auth_2:
    :path: Flutter/ephemeral/.symlinks/plugins/flutter_web_auth_2/macos
  FlutterMacOS:
    :path: Flutter/ephemeral
  package_info_plus:
    :path: Flutter/ephemeral/.symlinks/plugins/package_info_plus/macos
  path_provider_foundation:
    :path: Flutter/ephemeral/.symlinks/plugins/path_provider_foundation/darwin
  url_launcher_macos:
    :path: Flutter/ephemeral/.symlinks/plugins/url_launcher_macos/macos
  window_to_front:
    :path: Flutter/ephemeral/.symlinks/plugins/window_to_front/macos

SPEC CHECKSUMS:
  desktop_webview_window: d4365e71bcd4e1aa0c14cf0377aa24db0c16a7e2
  device_info_plus: 1b14eed9bf95428983aed283a8d51cce3d8c4215
  flutter_web_auth_2: 2e1dc2d2139973e4723c5286ce247dd590390d70
  FlutterMacOS: d0db08ddef1a9af05a5ec4b724367152bb0500b1
  package_info_plus: 12f1c5c2cfe8727ca46cbd0b26677728972d9a5b
  path_provider_foundation: 2b6b4c569c0fb62ec74538f866245ac84301af46
  url_launcher_macos: c82c93949963e55b228a30115bd219499a6fe404
  window_to_front: 4cdc24ddd8461ad1a55fa06286d6a79d8b29e8d8

PODFILE CHECKSUM: 54d867c82ac51cbd61b565781b9fada492027009

COCOAPODS: 1.16.2
